# THIS IS AN AUTOGENERATED FILE. DO NOT EDIT THIS FILE DIRECTLY.
# yarn lockfile v1


"@antv/color-util@^2.0.5":
  version "2.0.5"
  resolved "https://registry.yarnpkg.com/@antv/color-util/-/color-util-2.0.5.tgz#6c6c14ad2873526bcba72380b781a2b24360ac6e"
  integrity sha512-eQktA9YDnWCj03rfjpg0ajvCfRkHXzBzsZa9z94pY6Jb7e3XtPUp7vDpB8KhaKm9GjPtGzQDneh+gnqkEK8mtQ==
  dependencies:
    "@antv/util" "^2.0.9"
    tslib "^1.10.0"

"@antv/component@^0.6.1":
  version "0.6.3"
  resolved "https://registry.yarnpkg.com/@antv/component/-/component-0.6.3.tgz#3bb4cedbe985e831bfb378a9e672a46c0422a5a7"
  integrity sha512-hCVkJt7TEPrTLcX5SS6UTSYl8lwuSg/36Gj/VmtrPqxOyrBKo132O70YIHH3B+yGTiFOyBybVwZbuqqEomfdYA==
  dependencies:
    "@antv/dom-util" "~2.0.1"
    "@antv/g-base" "~0.4.0"
    "@antv/matrix-util" "^3.1.0-beta.1"
    "@antv/path-util" "~2.0.7"
    "@antv/scale" "~0.3.1"
    "@antv/util" "~2.0.0"
    fecha "~4.2.0"
    tslib "^1.10.0"

"@antv/dom-util@^2.0.1", "@antv/dom-util@~2.0.1":
  version "2.0.2"
  resolved "https://registry.yarnpkg.com/@antv/dom-util/-/dom-util-2.0.2.tgz#4c7b0a195e027e55570435a6825cec56dfb0b590"
  integrity sha512-i/rh385casRd6OA4rbpbA2jyiwY/w7PtkA+74mH43PiBzOcLpDg1jEWR9dMO0tIqUzHQWWqKNNjmXVubl4GS6g==
  dependencies:
    tslib "^1.10.0"

"@antv/event-emitter@^0.1.1", "@antv/event-emitter@~0.1.0":
  version "0.1.2"
  resolved "https://registry.yarnpkg.com/@antv/event-emitter/-/event-emitter-0.1.2.tgz#a17b7cb86e6d071880dc6bfb232756f88624ecbc"
  integrity sha512-6C6NJOdoNVptCr5y9BVOhKkCgW7LFs/SpcRyAExUeSjAm0zJqcqNkSIRGsXYhj4PJI+CZICHzGwwiSnIsE68Ug==

"@antv/g-base@^0.4.1", "@antv/g-base@^0.4.7", "@antv/g-base@~0.4.0":
  version "0.4.7"
  resolved "https://registry.yarnpkg.com/@antv/g-base/-/g-base-0.4.7.tgz#7698fc4c8cb381f2b789a30fbeb26b1e88c48196"
  integrity sha512-wKSpS3/M1slU92iOgi2QV4MCd82J1d2PyPcQArqSFRUZU0KnVMIl95v79dG0Be4YvFaZ3bVrT6Ns1Czr8oplhA==
  dependencies:
    "@antv/event-emitter" "^0.1.1"
    "@antv/g-math" "^0.1.3"
    "@antv/matrix-util" "^3.1.0-beta.1"
    "@antv/path-util" "~2.0.5"
    "@antv/util" "~2.0.0"
    "@types/d3-timer" "^1.0.9"
    d3-ease "^1.0.5"
    d3-interpolate "^1.3.2"
    d3-timer "^1.0.9"
    detect-browser "^5.1.0"

"@antv/g-canvas@^0.4.14":
  version "0.4.14"
  resolved "https://registry.yarnpkg.com/@antv/g-canvas/-/g-canvas-0.4.14.tgz#fb97afdc997ad8fdfd07a4104547c46c61a1b28a"
  integrity sha512-BPpEbHvszEPQHhssPQrIOF2zKztiogabhiBQ/MCX3qvLUXgBRRzN6ktwS816fQPa82RYiGUmzEUDhgCXUWXAcg==
  dependencies:
    "@antv/g-base" "^0.4.7"
    "@antv/g-math" "^0.1.3"
    "@antv/path-util" "~2.0.5"
    "@antv/util" "~2.0.0"
    gl-matrix "^3.0.0"

"@antv/g-math@^0.1.1", "@antv/g-math@^0.1.3":
  version "0.1.3"
  resolved "https://registry.yarnpkg.com/@antv/g-math/-/g-math-0.1.3.tgz#8922f44bef74314640b591f53583c1217b715c0f"
  integrity sha512-m4jF1Xm9bSTDLU35u3bSW9UcqJJVxU+E+bKtJgNfXUiDwHILYJey825+ApsZ8yjU7SD1kDP6GH6NTGzmChszEQ==
  dependencies:
    "@antv/util" "~2.0.0"
    gl-matrix "^3.0.0"

"@antv/g-svg@^0.4.1":
  version "0.4.7"
  resolved "https://registry.yarnpkg.com/@antv/g-svg/-/g-svg-0.4.7.tgz#0d65e1db34e6dfe609aadb3eddf4748db02f0b01"
  integrity sha512-+lqlBK+qylP4t/vyUgEaPthp1XmTiImfkPl/ZmRp3L1knH64OI9XTfOGGuBUFAt3JBt7VHKf6t0L/MCf0BR88Q==
  dependencies:
    "@antv/g-base" "^0.4.7"
    "@antv/g-math" "^0.1.3"
    "@antv/util" "~2.0.0"
    detect-browser "^4.6.0"

"@antv/g6@^3.6.0":
  version "3.6.0"
  resolved "https://registry.yarnpkg.com/@antv/g6/-/g6-3.6.0.tgz#2c6188b97459e341e83aba669e01e3a426200371"
  integrity sha512-CcVZ8hb1DEvO5sFrKjkN1kr5GYFaHsTYt+EiQpmIuVz2cvgbqm7mRCeMaDEr97ochdLk0XNyk8D11on/GgG/Qw==
  dependencies:
    "@antv/color-util" "^2.0.5"
    "@antv/component" "^0.6.1"
    "@antv/dom-util" "^2.0.1"
    "@antv/event-emitter" "~0.1.0"
    "@antv/g-base" "^0.4.1"
    "@antv/g-canvas" "^0.4.14"
    "@antv/g-math" "^0.1.1"
    "@antv/g-svg" "^0.4.1"
    "@antv/hierarchy" "^0.6.2"
    "@antv/matrix-util" "^2.0.4"
    "@antv/path-util" "^2.0.3"
    "@antv/scale" "^0.3.1"
    "@antv/util" "~2.0.5"
    d3-force "^2.0.1"
    dagre "^0.8.5"
    insert-css "^2.0.0"
    ml-matrix "^6.5.0"

"@antv/gl-matrix@^2.7.1":
  version "2.7.1"
  resolved "https://registry.yarnpkg.com/@antv/gl-matrix/-/gl-matrix-2.7.1.tgz#acb8e37f7ab3df01345aba4372d7942be42eba14"
  integrity sha512-oOWcVNlpELIKi9x+Mm1Vwbz8pXfkbJKykoCIOJ/dNK79hSIANbpXJ5d3Rra9/wZqK6MC961B7sybFhPlLraT3Q==

"@antv/hierarchy@^0.6.2":
  version "0.6.4"
  resolved "https://registry.yarnpkg.com/@antv/hierarchy/-/hierarchy-0.6.4.tgz#8cb089a3bf28a7fa4b3f43f32e110fc834cea217"
  integrity sha512-KPQ3Jc+bMObHPXUdj3ZYwcx74BhaNsZHPbNzXnNj6OQusPXr/bdiwEKnKlVDLuW2nUfepfa4zfXS7JirxDKycw==
  dependencies:
    "@antv/util" "^2.0.7"

"@antv/matrix-util@^2.0.4":
  version "2.0.7"
  resolved "https://registry.yarnpkg.com/@antv/matrix-util/-/matrix-util-2.0.7.tgz#a5190599d424c1518a1b5eb3a548271d7e98fc44"
  integrity sha512-bogifQY8jplWtSTZsPqBOdBlDdkM7IwDqYL8eMYL8OaSyOPCS7l9bnEQjQ9qTAwfCd7wHTuPoCnCpbiR8BYFvQ==
  dependencies:
    "@antv/gl-matrix" "^2.7.1"
    "@antv/util" "^2.0.7"
    tslib "^1.10.0"

"@antv/matrix-util@^3.1.0-beta.1":
  version "3.1.0-beta.2"
  resolved "https://registry.yarnpkg.com/@antv/matrix-util/-/matrix-util-3.1.0-beta.2.tgz#b4afafb70dbdf52affca308d3546c8a090fd23ca"
  integrity sha512-Efwp0ZHxVDK/8RUa/RRWN7HKFHJmjn7Oq5HaNBbCmsxd7JTla3Zsoq1AZrjWMDlq0lplo77urclwI+XIW8NEHw==
  dependencies:
    "@antv/util" "^2.0.9"
    gl-matrix "^3.3.0"
    tslib "^1.10.0"

"@antv/path-util@^2.0.3", "@antv/path-util@~2.0.5", "@antv/path-util@~2.0.7":
  version "2.0.8"
  resolved "https://registry.yarnpkg.com/@antv/path-util/-/path-util-2.0.8.tgz#9bc54d2b7198aad988a9cc4a6de9054f26919b84"
  integrity sha512-g5gt12MY1oEzh/j5XfLNRCfJU7E+Us+2yM5Hqc0y8xeWhb5l013XG5BPV37KmOf6WAys9KNxklNniHCZ6SqCKw==
  dependencies:
    "@antv/util" "^2.0.9"
    tslib "^1.10.0"

"@antv/scale@^0.3.1", "@antv/scale@~0.3.1":
  version "0.3.3"
  resolved "https://registry.yarnpkg.com/@antv/scale/-/scale-0.3.3.tgz#c45a09b43eddbe0986f09da1cda52df6d9644325"
  integrity sha512-D6fuS4IlqkpJ9Cm963sumroOxhqZL6S6bsFQPRMxypaqebXW2pWcmbzF5Hw1jKucl1M4nZ0nGCB3cE2SdLxrcA==
  dependencies:
    "@antv/util" "~2.0.3"
    fecha "~4.2.0"
    tslib "^2.0.0"

"@antv/util@^2.0.7", "@antv/util@^2.0.9", "@antv/util@~2.0.0", "@antv/util@~2.0.3", "@antv/util@~2.0.5":
  version "2.0.9"
  resolved "https://registry.yarnpkg.com/@antv/util/-/util-2.0.9.tgz#bd3e296a392e11fbe2781fde39d8e70ba1c53ed0"
  integrity sha512-JblWzne7msAPDdxkUhEk8zAz0Wd6igKwqymGbvIeyOydGrhBhGjA3nEayFj4IlG+XixCvGFKsCB4yuFS4glRIA==
  dependencies:
    tslib "^1.10.0"

"@next/env@14.2.10":
  version "14.2.10"
  resolved "https://registry.yarnpkg.com/@next/env/-/env-14.2.10.tgz#1d3178340028ced2d679f84140877db4f420333c"
  integrity sha512-dZIu93Bf5LUtluBXIv4woQw2cZVZ2DJTjax5/5DOs3lzEOeKLy7GxRSr4caK9/SCPdaW6bCgpye6+n4Dh9oJPw==

"@next/swc-darwin-arm64@14.2.10":
  version "14.2.10"
  resolved "https://registry.yarnpkg.com/@next/swc-darwin-arm64/-/swc-darwin-arm64-14.2.10.tgz#49d10ca4086fbd59ee68e204f75d7136eda2aa80"
  integrity sha512-V3z10NV+cvMAfxQUMhKgfQnPbjw+Ew3cnr64b0lr8MDiBJs3eLnM6RpGC46nhfMZsiXgQngCJKWGTC/yDcgrDQ==

"@next/swc-darwin-x64@14.2.10":
  version "14.2.10"
  resolved "https://registry.yarnpkg.com/@next/swc-darwin-x64/-/swc-darwin-x64-14.2.10.tgz#0ebeae3afb8eac433882b79543295ab83624a1a8"
  integrity sha512-Y0TC+FXbFUQ2MQgimJ/7Ina2mXIKhE7F+GUe1SgnzRmwFY3hX2z8nyVCxE82I2RicspdkZnSWMn4oTjIKz4uzA==

"@next/swc-linux-arm64-gnu@14.2.10":
  version "14.2.10"
  resolved "https://registry.yarnpkg.com/@next/swc-linux-arm64-gnu/-/swc-linux-arm64-gnu-14.2.10.tgz#7e602916d2fb55a3c532f74bed926a0137c16f20"
  integrity sha512-ZfQ7yOy5zyskSj9rFpa0Yd7gkrBnJTkYVSya95hX3zeBG9E55Z6OTNPn1j2BTFWvOVVj65C3T+qsjOyVI9DQpA==

"@next/swc-linux-arm64-musl@14.2.10":
  version "14.2.10"
  resolved "https://registry.yarnpkg.com/@next/swc-linux-arm64-musl/-/swc-linux-arm64-musl-14.2.10.tgz#6b143f628ccee490b527562e934f8de578d4be47"
  integrity sha512-n2i5o3y2jpBfXFRxDREr342BGIQCJbdAUi/K4q6Env3aSx8erM9VuKXHw5KNROK9ejFSPf0LhoSkU/ZiNdacpQ==

"@next/swc-linux-x64-gnu@14.2.10":
  version "14.2.10"
  resolved "https://registry.yarnpkg.com/@next/swc-linux-x64-gnu/-/swc-linux-x64-gnu-14.2.10.tgz#086f2f16a0678890a1eb46518c4dda381b046082"
  integrity sha512-GXvajAWh2woTT0GKEDlkVhFNxhJS/XdDmrVHrPOA83pLzlGPQnixqxD8u3bBB9oATBKB//5e4vpACnx5Vaxdqg==

"@next/swc-linux-x64-musl@14.2.10":
  version "14.2.10"
  resolved "https://registry.yarnpkg.com/@next/swc-linux-x64-musl/-/swc-linux-x64-musl-14.2.10.tgz#1befef10ed8dbcc5047b5d637a25ae3c30a0bfc3"
  integrity sha512-opFFN5B0SnO+HTz4Wq4HaylXGFV+iHrVxd3YvREUX9K+xfc4ePbRrxqOuPOFjtSuiVouwe6uLeDtabjEIbkmDA==

"@next/swc-win32-arm64-msvc@14.2.10":
  version "14.2.10"
  resolved "https://registry.yarnpkg.com/@next/swc-win32-arm64-msvc/-/swc-win32-arm64-msvc-14.2.10.tgz#731f52c3ae3c56a26cf21d474b11ae1529531209"
  integrity sha512-9NUzZuR8WiXTvv+EiU/MXdcQ1XUvFixbLIMNQiVHuzs7ZIFrJDLJDaOF1KaqttoTujpcxljM/RNAOmw1GhPPQQ==

"@next/swc-win32-ia32-msvc@14.2.10":
  version "14.2.10"
  resolved "https://registry.yarnpkg.com/@next/swc-win32-ia32-msvc/-/swc-win32-ia32-msvc-14.2.10.tgz#32723ef7f04e25be12af357cc72ddfdd42fd1041"
  integrity sha512-fr3aEbSd1GeW3YUMBkWAu4hcdjZ6g4NBl1uku4gAn661tcxd1bHs1THWYzdsbTRLcCKLjrDZlNp6j2HTfrw+Bg==

"@next/swc-win32-x64-msvc@14.2.10":
  version "14.2.10"
  resolved "https://registry.yarnpkg.com/@next/swc-win32-x64-msvc/-/swc-win32-x64-msvc-14.2.10.tgz#ee1d036cb5ec871816f96baee7991035bb242455"
  integrity sha512-UjeVoRGKNL2zfbcQ6fscmgjBAS/inHBh63mjIlfPg/NG8Yn2ztqylXt5qilYb6hoHIwaU2ogHknHWWmahJjgZQ==

"@swc/counter@^0.1.3":
  version "0.1.3"
  resolved "https://registry.yarnpkg.com/@swc/counter/-/counter-0.1.3.tgz#cc7463bd02949611c6329596fccd2b0ec782b0e9"
  integrity sha512-e2BR4lsJkkRlKZ/qCHPw9ZaSxc0MVUd7gtbtaB7aMvHeJVYe8sOB8DBZkP2DtISHGSku9sCK6T6cnY0CtXrOCQ==

"@swc/helpers@0.5.5":
  version "0.5.5"
  resolved "https://registry.yarnpkg.com/@swc/helpers/-/helpers-0.5.5.tgz#12689df71bfc9b21c4f4ca00ae55f2f16c8b77c0"
  integrity sha512-KGYxvIOXcceOAbEk4bi/dVLEK9z8sZ0uBB3Il5b1rhfClSpcX0yfRO0KmTkqR2cnQDymwLB+25ZyMzICg/cm/A==
  dependencies:
    "@swc/counter" "^0.1.3"
    tslib "^2.4.0"

"@types/d3-timer@^1.0.9":
  version "1.0.9"
  resolved "https://registry.yarnpkg.com/@types/d3-timer/-/d3-timer-1.0.9.tgz#aed1bde0cf18920d33f5d44839d73de393633fd3"
  integrity sha512-WvfJ3LFxBbWjqRGz9n7GJt08RrTHPJDVsIwwoCMROlqF+iDacYiAFjf9oqnq0mXpb2juA2N/qjKP+MKdal3YNQ==

"@types/node@^14.0.27":
  version "14.0.27"
  resolved "https://registry.yarnpkg.com/@types/node/-/node-14.0.27.tgz#a151873af5a5e851b51b3b065c9e63390a9e0eb1"
  integrity sha512-kVrqXhbclHNHGu9ztnAwSncIgJv/FaxmzXJvGXNdcCpV1b8u1/Mi6z6m0vwy0LzKeXFTPLH0NzwmoJ3fNCIq0g==

"@types/prop-types@*":
  version "15.7.3"
  resolved "https://registry.yarnpkg.com/@types/prop-types/-/prop-types-15.7.3.tgz#2ab0d5da2e5815f94b0b9d4b95d1e5f243ab2ca7"
  integrity sha512-KfRL3PuHmqQLOG+2tGpRO26Ctg+Cq1E01D2DMriKEATHgWLfeNDmq9e29Q9WIky0dQ3NPkd1mzYH8Lm936Z9qw==

"@types/react@^16.9.43":
  version "16.9.43"
  resolved "https://registry.yarnpkg.com/@types/react/-/react-16.9.43.tgz#c287f23f6189666ee3bebc2eb8d0f84bcb6cdb6b"
  integrity sha512-PxshAFcnJqIWYpJbLPriClH53Z2WlJcVZE+NP2etUtWQs2s7yIMj3/LDKZT/5CHJ/F62iyjVCDu2H3jHEXIxSg==
  dependencies:
    "@types/prop-types" "*"
    csstype "^2.2.0"

busboy@1.6.0:
  version "1.6.0"
  resolved "https://registry.yarnpkg.com/busboy/-/busboy-1.6.0.tgz#966ea36a9502e43cdb9146962523b92f531f6893"
  integrity sha512-8SFQbg/0hQ9xy3UNTB0YEnsNBbWfhf7RtnzpL7TkBiTBRfrQ9Fxcnz7VJsleJpyp6rVLvXiuORqjlHi5q+PYuA==
  dependencies:
    streamsearch "^1.1.0"

camelcase@^5.0.0:
  version "5.3.1"
  resolved "https://registry.yarnpkg.com/camelcase/-/camelcase-5.3.1.tgz#e3c9b31569e106811df242f715725a1f4c494320"
  integrity sha512-L28STB170nwWS63UjtlEOE3dldQApaJXZkOI1uMFfzf3rRuPegHaHesyee+YxQ+W6SvRDQV6UrdOdRiR153wJg==

caniuse-lite@^1.0.30001579:
  version "1.0.30001684"
  resolved "https://registry.yarnpkg.com/caniuse-lite/-/caniuse-lite-1.0.30001684.tgz#0eca437bab7d5f03452ff0ef9de8299be6b08e16"
  integrity sha512-G1LRwLIQjBQoyq0ZJGqGIJUXzJ8irpbjHLpVRXDvBEScFJ9b17sgK6vlx0GAJFE21okD7zXl08rRRUfq6HdoEQ==

client-only@0.0.1:
  version "0.0.1"
  resolved "https://registry.yarnpkg.com/client-only/-/client-only-0.0.1.tgz#38bba5d403c41ab150bff64a95c85013cf73bca1"
  integrity sha512-IV3Ou0jSMzZrd3pZ48nLkT9DA7Ag1pnPzaiQhpW7c3RbcqqzvzzVu+L8gfqMp/8IM2MQtSiqaCxrrcfu8I8rMA==

csstype@^2.2.0:
  version "2.6.13"
  resolved "https://registry.yarnpkg.com/csstype/-/csstype-2.6.13.tgz#a6893015b90e84dd6e85d0e3b442a1e84f2dbe0f"
  integrity sha512-ul26pfSQTZW8dcOnD2iiJssfXw0gdNVX9IJDH/X3K5DGPfj+fUYe3kB+swUY6BF3oZDxaID3AJt+9/ojSAE05A==

d3-color@1:
  version "1.4.1"
  resolved "https://registry.yarnpkg.com/d3-color/-/d3-color-1.4.1.tgz#c52002bf8846ada4424d55d97982fef26eb3bc8a"
  integrity sha512-p2sTHSLCJI2QKunbGb7ocOh7DgTAn8IrLx21QRc/BSnodXM4sv6aLQlnfpvehFMLZEfBc6g9pH9SWQccFYfJ9Q==

d3-dispatch@1:
  version "1.0.6"
  resolved "https://registry.yarnpkg.com/d3-dispatch/-/d3-dispatch-1.0.6.tgz#00d37bcee4dd8cd97729dd893a0ac29caaba5d58"
  integrity sha512-fVjoElzjhCEy+Hbn8KygnmMS7Or0a9sI2UzGwoB7cCtvI1XpVN9GpoYlnb3xt2YV66oXYb1fLJ8GMvP4hdU1RA==

d3-ease@^1.0.5:
  version "1.0.6"
  resolved "https://registry.yarnpkg.com/d3-ease/-/d3-ease-1.0.6.tgz#ebdb6da22dfac0a22222f2d4da06f66c416a0ec0"
  integrity sha512-SZ/lVU7LRXafqp7XtIcBdxnWl8yyLpgOmzAk0mWBI9gXNzLDx5ybZgnRbH9dN/yY5tzVBqCQ9avltSnqVwessQ==

d3-force@^2.0.1:
  version "2.0.1"
  resolved "https://registry.yarnpkg.com/d3-force/-/d3-force-2.0.1.tgz#31750eee8c43535301d571195bf9683beda534e2"
  integrity sha512-zh73/N6+MElRojiUG7vmn+3vltaKon7iD5vB/7r9nUaBeftXMzRo5IWEG63DLBCto4/8vr9i3m9lwr1OTJNiCg==
  dependencies:
    d3-dispatch "1"
    d3-quadtree "1"
    d3-timer "1"

d3-interpolate@^1.3.2:
  version "1.4.0"
  resolved "https://registry.yarnpkg.com/d3-interpolate/-/d3-interpolate-1.4.0.tgz#526e79e2d80daa383f9e0c1c1c7dcc0f0583e987"
  integrity sha512-V9znK0zc3jOPV4VD2zZn0sDhZU3WAE2bmlxdIwwQPPzPjvyLkd8B3JUVdS1IDUFDkWZ72c9qnv1GK2ZagTZ8EA==
  dependencies:
    d3-color "1"

d3-quadtree@1:
  version "1.0.7"
  resolved "https://registry.yarnpkg.com/d3-quadtree/-/d3-quadtree-1.0.7.tgz#ca8b84df7bb53763fe3c2f24bd435137f4e53135"
  integrity sha512-RKPAeXnkC59IDGD0Wu5mANy0Q2V28L+fNe65pOCXVdVuTJS3WPKaJlFHer32Rbh9gIo9qMuJXio8ra4+YmIymA==

d3-timer@1, d3-timer@^1.0.9:
  version "1.0.10"
  resolved "https://registry.yarnpkg.com/d3-timer/-/d3-timer-1.0.10.tgz#dfe76b8a91748831b13b6d9c793ffbd508dd9de5"
  integrity sha512-B1JDm0XDaQC+uvo4DT79H0XmBskgS3l6Ve+1SBCfxgmtIb1AVrPIoqd+nPSv+loMX8szQ0sVUhGngL7D5QPiXw==

dagre@^0.8.5:
  version "0.8.5"
  resolved "https://registry.yarnpkg.com/dagre/-/dagre-0.8.5.tgz#ba30b0055dac12b6c1fcc247817442777d06afee"
  integrity sha512-/aTqmnRta7x7MCCpExk7HQL2O4owCT2h8NT//9I1OQ9vt29Pa0BzSAkR5lwFUcQ7491yVi/3CXU9jQ5o0Mn2Sw==
  dependencies:
    graphlib "^2.1.8"
    lodash "^4.17.15"

detect-browser@^4.6.0:
  version "4.8.0"
  resolved "https://registry.yarnpkg.com/detect-browser/-/detect-browser-4.8.0.tgz#1d73bd88c17be866901950ce0aaae1ed060902c6"
  integrity sha512-f4h2dFgzHUIpjpBLjhnDIteXv8VQiUm8XzAuzQtYUqECX/eKh67ykuiVoyb7Db7a0PUSmJa3OGXStG0CbQFUVw==

detect-browser@^5.1.0:
  version "5.1.1"
  resolved "https://registry.yarnpkg.com/detect-browser/-/detect-browser-5.1.1.tgz#a800db91d3fd60d0861669f5984f1be9ffbe009c"
  integrity sha512-5n2aWI57qC3kZaK4j2zYsG6L1LrxgLptGCNhMQgdKhVn6cSdcq43pp6xHPfTHG3TYM6myF4tIPWiZtfdVDgb9w==

fecha@~4.2.0:
  version "4.2.0"
  resolved "https://registry.yarnpkg.com/fecha/-/fecha-4.2.0.tgz#3ffb6395453e3f3efff850404f0a59b6747f5f41"
  integrity sha512-aN3pcx/DSmtyoovUudctc8+6Hl4T+hI9GBBHLjA76jdZl7+b1sgh5g4k+u/GL3dTy1/pnYzKp69FpJ0OicE3Wg==

gl-matrix@^3.0.0, gl-matrix@^3.3.0:
  version "3.3.0"
  resolved "https://registry.yarnpkg.com/gl-matrix/-/gl-matrix-3.3.0.tgz#232eef60b1c8b30a28cbbe75b2caf6c48fd6358b"
  integrity sha512-COb7LDz+SXaHtl/h4LeaFcNdJdAQSDeVqjiIihSXNrkWObZLhDI4hIkZC11Aeqp7bcE72clzB0BnDXr2SmslRA==

graceful-fs@^4.2.11:
  version "4.2.11"
  resolved "https://registry.yarnpkg.com/graceful-fs/-/graceful-fs-4.2.11.tgz#4183e4e8bf08bb6e05bbb2f7d2e0c8f712ca40e3"
  integrity sha512-RbJ5/jmFcNNCcDV5o9eTnBLJ/HszWV0P73bc+Ff4nS/rJj+YaS6IGyiOL0VoBYX+l1Wrl3k63h/KrH+nhJ0XvQ==

graphlib@^2.1.8:
  version "2.1.8"
  resolved "https://registry.yarnpkg.com/graphlib/-/graphlib-2.1.8.tgz#5761d414737870084c92ec7b5dbcb0592c9d35da"
  integrity sha512-jcLLfkpoVGmH7/InMC/1hIvOPSUh38oJtGhvrOFGzioE1DZ+0YW16RgmOJhHiuWTvGiJQ9Z1Ik43JvkRPRvE+A==
  dependencies:
    lodash "^4.17.15"

insert-css@^2.0.0:
  version "2.0.0"
  resolved "https://registry.yarnpkg.com/insert-css/-/insert-css-2.0.0.tgz#eb5d1097b7542f4c79ea3060d3aee07d053880f4"
  integrity sha1-610Ql7dUL0x56jBg067gfQU4gPQ=

is-any-array@^0.0.3:
  version "0.0.3"
  resolved "https://registry.yarnpkg.com/is-any-array/-/is-any-array-0.0.3.tgz#cbdd8c7189d47b53b050969245f4ef7e55550b9b"
  integrity sha512-Lr5SRykZv6uuYMZURz7+YpigT1ziTBHOTgFJ1zK7gL+9Wbet5Ha1ws6S84Jo/lH4zep02b95sk6o4+MTk97mPQ==

"js-tokens@^3.0.0 || ^4.0.0":
  version "4.0.0"
  resolved "https://registry.yarnpkg.com/js-tokens/-/js-tokens-4.0.0.tgz#19203fb59991df98e3a287050d4647cdeaf32499"
  integrity sha512-RdJUflcE3cUzKiMqQgsCu06FPu9UdIJO0beYbPhHN4k6apgJtifcoCtT9bcxOpYBtpD2kCM6Sbzg4CausW/PKQ==

lodash@^4.17.15:
  version "4.17.21"
  resolved "https://registry.yarnpkg.com/lodash/-/lodash-4.17.21.tgz#679591c564c3bffaae8454cf0b3df370c3d6911c"
  integrity sha512-v2kDEe57lecTulaDIuNTPy3Ry4gLGJ6Z1O3vE1krgXZNrsQ+LFTGHVxVjcXPs17LhbZVGedAJv8XZ1tvj5FvSg==

loose-envify@^1.1.0, loose-envify@^1.4.0:
  version "1.4.0"
  resolved "https://registry.yarnpkg.com/loose-envify/-/loose-envify-1.4.0.tgz#71ee51fa7be4caec1a63839f7e682d8132d30caf"
  integrity sha512-lyuxPGr/Wfhrlem2CL/UcnUc1zcqKAImBDzukY7Y5F/yQiNdko6+fRLevlw1HgMySw7f611UIY408EtxRSoK3Q==
  dependencies:
    js-tokens "^3.0.0 || ^4.0.0"

ml-array-max@^1.1.2:
  version "1.1.2"
  resolved "https://registry.yarnpkg.com/ml-array-max/-/ml-array-max-1.1.2.tgz#ac14a4954ebdb9f401774cc1572fce439e12f94d"
  integrity sha512-it2hYUSuYEwIRO6hjTWfe6gbGutF4Tuct7jxt3LiLE4wKFs6ku5FLNIRKtOL2jyH+Jdwt1ddbqKMX8inBM8RxA==
  dependencies:
    is-any-array "^0.0.3"

ml-array-min@^1.1.2:
  version "1.1.2"
  resolved "https://registry.yarnpkg.com/ml-array-min/-/ml-array-min-1.1.2.tgz#a084370fe78998a4131d566d066ee01bccce253a"
  integrity sha512-92QzvsyK7TxGz618pno6bu0LXYcRKssbimP85qRllk2xX5Z4gnVxlOmrMjSerUut9zzbt1eQB4byXNCwT0vgwA==
  dependencies:
    is-any-array "^0.0.3"

ml-array-rescale@^1.3.1:
  version "1.3.1"
  resolved "https://registry.yarnpkg.com/ml-array-rescale/-/ml-array-rescale-1.3.1.tgz#7e55871af8741d212e2b47b8acd55571936c822b"
  integrity sha512-PMj/f3MXBf5j2is8E4ugfNx6txi5y6qO4iVizfGjUVcpBl9RpXhznsoOz5iLtVtW1uDiWl+ToHaW4IGwoG+rmg==
  dependencies:
    is-any-array "^0.0.3"
    ml-array-max "^1.1.2"
    ml-array-min "^1.1.2"

ml-matrix@^6.5.0:
  version "6.5.1"
  resolved "https://registry.yarnpkg.com/ml-matrix/-/ml-matrix-6.5.1.tgz#b61305024f548ce198faa001974fd961cd162a98"
  integrity sha512-KJ5DVN5cH7+HmFhjVhYh4FI1m1v4Xmw1Xi+huTlP0tDAKKuC5ZY4IlElCaT0LalsERE9nDQQ3YwT/o9Gss/B5w==
  dependencies:
    ml-array-rescale "^1.3.1"

nanoid@^3.3.6:
  version "3.3.8"
  resolved "https://registry.yarnpkg.com/nanoid/-/nanoid-3.3.8.tgz#b1be3030bee36aaff18bacb375e5cce521684baf"
  integrity sha512-WNLf5Sd8oZxOm+TzppcYk8gVOgP+l58xNy58D0nbUnOxOWRWvlcCV4kUF7ltmI6PsrLl/BgKEyS4mqsGChFN0w==

next@14.2.10:
  version "14.2.10"
  resolved "https://registry.yarnpkg.com/next/-/next-14.2.10.tgz#331981a4fecb1ae8af1817d4db98fc9687ee1cb6"
  integrity sha512-sDDExXnh33cY3RkS9JuFEKaS4HmlWmDKP1VJioucCG6z5KuA008DPsDZOzi8UfqEk3Ii+2NCQSJrfbEWtZZfww==
  dependencies:
    "@next/env" "14.2.10"
    "@swc/helpers" "0.5.5"
    busboy "1.6.0"
    caniuse-lite "^1.0.30001579"
    graceful-fs "^4.2.11"
    postcss "8.4.31"
    styled-jsx "5.1.1"
  optionalDependencies:
    "@next/swc-darwin-arm64" "14.2.10"
    "@next/swc-darwin-x64" "14.2.10"
    "@next/swc-linux-arm64-gnu" "14.2.10"
    "@next/swc-linux-arm64-musl" "14.2.10"
    "@next/swc-linux-x64-gnu" "14.2.10"
    "@next/swc-linux-x64-musl" "14.2.10"
    "@next/swc-win32-arm64-msvc" "14.2.10"
    "@next/swc-win32-ia32-msvc" "14.2.10"
    "@next/swc-win32-x64-msvc" "14.2.10"

object-assign@^4.1.1:
  version "4.1.1"
  resolved "https://registry.yarnpkg.com/object-assign/-/object-assign-4.1.1.tgz#2109adc7965887cfc05cbbd442cac8bfbb360863"
  integrity sha1-IQmtx5ZYh8/AXLvUQsrIv7s2CGM=

picocolors@^1.0.0:
  version "1.1.1"
  resolved "https://registry.yarnpkg.com/picocolors/-/picocolors-1.1.1.tgz#3d321af3eab939b083c8f929a1d12cda81c26b6b"
  integrity sha512-xceH2snhtb5M9liqDsmEw56le376mTZkEX/jEb/RxNFyegNul7eNslCXP9FDj/Lcu0X8KEyMceP2ntpaHrDEVA==

postcss@8.4.31:
  version "8.4.31"
  resolved "https://registry.yarnpkg.com/postcss/-/postcss-8.4.31.tgz#92b451050a9f914da6755af352bdc0192508656d"
  integrity sha512-PS08Iboia9mts/2ygV3eLpY5ghnUcfLV/EXTOW1E2qYxJKGGBUtNjN76FYHnMs36RmARn41bC0AZmn+rR0OVpQ==
  dependencies:
    nanoid "^3.3.6"
    picocolors "^1.0.0"
    source-map-js "^1.0.2"

prop-types@^15.6.2:
  version "15.7.2"
  resolved "https://registry.yarnpkg.com/prop-types/-/prop-types-15.7.2.tgz#52c41e75b8c87e72b9d9360e0206b99dcbffa6c5"
  integrity sha512-8QQikdH7//R2vurIJSutZ1smHYTcLpRWEOlHnzcWHmBYrOGUysKwSsrC89BCiFj3CbrfJ/nXFdJepOVrY1GCHQ==
  dependencies:
    loose-envify "^1.4.0"
    object-assign "^4.1.1"
    react-is "^16.8.1"

react-dom@16.13.1:
  version "16.13.1"
  resolved "https://registry.yarnpkg.com/react-dom/-/react-dom-16.13.1.tgz#c1bd37331a0486c078ee54c4740720993b2e0e7f"
  integrity sha512-81PIMmVLnCNLO/fFOQxdQkvEq/+Hfpv24XNJfpyZhTRfO0QcmQIF/PgCa1zCOj2w1hrn12MFLyaJ/G0+Mxtfag==
  dependencies:
    loose-envify "^1.1.0"
    object-assign "^4.1.1"
    prop-types "^15.6.2"
    scheduler "^0.19.1"

react-icons@^3.10.0:
  version "3.10.0"
  resolved "https://registry.yarnpkg.com/react-icons/-/react-icons-3.10.0.tgz#6c217a2dde2e8fa8d293210023914b123f317297"
  integrity sha512-WsQ5n1JToG9VixWilSo1bHv842Cj5aZqTGiS3Ud47myF6aK7S/IUY2+dHcBdmkQcCFRuHsJ9OMUI0kTDfjyZXQ==
  dependencies:
    camelcase "^5.0.0"

react-is@^16.8.1:
  version "16.13.1"
  resolved "https://registry.yarnpkg.com/react-is/-/react-is-16.13.1.tgz#789729a4dc36de2999dc156dd6c1d9c18cea56a4"
  integrity sha512-24e6ynE2H+OKt4kqsOvNd8kBpV65zoxbA4BVsEOB3ARVWQki/DHzaUoC5KuON/BiccDaCCTZBuOcfZs70kR8bQ==

react@16.13.1:
  version "16.13.1"
  resolved "https://registry.yarnpkg.com/react/-/react-16.13.1.tgz#2e818822f1a9743122c063d6410d85c1e3afe48e"
  integrity sha512-YMZQQq32xHLX0bz5Mnibv1/LHb3Sqzngu7xstSM+vrkE5Kzr9xE0yMByK5kMoTK30YVJE61WfbxIFFvfeDKT1w==
  dependencies:
    loose-envify "^1.1.0"
    object-assign "^4.1.1"
    prop-types "^15.6.2"

scheduler@^0.19.1:
  version "0.19.1"
  resolved "https://registry.yarnpkg.com/scheduler/-/scheduler-0.19.1.tgz#4f3e2ed2c1a7d65681f4c854fa8c5a1ccb40f196"
  integrity sha512-n/zwRWRYSUj0/3g/otKDRPMh6qv2SYMWNq85IEa8iZyAv8od9zDYpGSnpBEjNgcMNq6Scbu5KfIPxNF72R/2EA==
  dependencies:
    loose-envify "^1.1.0"
    object-assign "^4.1.1"

source-map-js@^1.0.2:
  version "1.2.1"
  resolved "https://registry.yarnpkg.com/source-map-js/-/source-map-js-1.2.1.tgz#1ce5650fddd87abc099eda37dcff024c2667ae46"
  integrity sha512-UXWMKhLOwVKb728IUtQPXxfYU+usdybtUrK/8uGE8CQMvrhOpwvzDBwj0QhSL7MQc7vIsISBG8VQ8+IDQxpfQA==

streamsearch@^1.1.0:
  version "1.1.0"
  resolved "https://registry.yarnpkg.com/streamsearch/-/streamsearch-1.1.0.tgz#404dd1e2247ca94af554e841a8ef0eaa238da764"
  integrity sha512-Mcc5wHehp9aXz1ax6bZUyY5afg9u2rv5cqQI3mRrYkGC8rW2hM02jWuwjtL++LS5qinSyhj2QfLyNsuc+VsExg==

styled-jsx@5.1.1:
  version "5.1.1"
  resolved "https://registry.yarnpkg.com/styled-jsx/-/styled-jsx-5.1.1.tgz#839a1c3aaacc4e735fed0781b8619ea5d0009d1f"
  integrity sha512-pW7uC1l4mBZ8ugbiZrcIsiIvVx1UmTfw7UkC3Um2tmfUq9Bhk8IiyEIPl6F8agHgjzku6j0xQEZbfA5uSgSaCw==
  dependencies:
    client-only "0.0.1"

tslib@^1.10.0:
  version "1.13.0"
  resolved "https://registry.yarnpkg.com/tslib/-/tslib-1.13.0.tgz#c881e13cc7015894ed914862d276436fa9a47043"
  integrity sha512-i/6DQjL8Xf3be4K/E6Wgpekn5Qasl1usyw++dAA35Ue5orEn65VIxOA+YvNNl9HV3qv70T7CNwjODHZrLwvd1Q==

tslib@^2.0.0:
  version "2.0.0"
  resolved "https://registry.yarnpkg.com/tslib/-/tslib-2.0.0.tgz#18d13fc2dce04051e20f074cc8387fd8089ce4f3"
  integrity sha512-lTqkx847PI7xEDYJntxZH89L2/aXInsyF2luSafe/+0fHOMjlBNXdH6th7f70qxLDhul7KZK0zC8V5ZIyHl0/g==

tslib@^2.4.0:
  version "2.8.1"
  resolved "https://registry.yarnpkg.com/tslib/-/tslib-2.8.1.tgz#612efe4ed235d567e8aba5f2a5fab70280ade83f"
  integrity sha512-oJFu94HQb+KVduSUQL7wnpmqnfmLsOA/nAh6b6EH0wCEoK0/mPeXU6c3wKDV83MkOuHPRHtSXKKU99IBazS/2w==

typescript@^3.9.7:
  version "3.9.7"
  resolved "https://registry.yarnpkg.com/typescript/-/typescript-3.9.7.tgz#98d600a5ebdc38f40cb277522f12dc800e9e25fa"
  integrity sha512-BLbiRkiBzAwsjut4x/dsibSTB6yWpwT5qWmC2OfuCg3GgVQCSgMs4vEctYPhsaGtd0AeuuHMkjZ2h2WG8MSzRw==
